// !$*UTF8*$!
{
	archiveVersion = 1;
	classes = {
	};
	objectVersion = 56;
	objects = {

/* Begin PBXBuildFile section */
		091C623C2A24DD1100AA5981 /* OffSeason3App.swift in Sources */ = {isa = PBXBuildFile; fileRef = 091C623B2A24DD1100AA5981 /* OffSeason3App.swift */; };
		091C623E2A24DD1100AA5981 /* LoginView.swift in Sources */ = {isa = PBXBuildFile; fileRef = 091C623D2A24DD1100AA5981 /* LoginView.swift */; };
		091C62402A24DD1200AA5981 /* Assets.xcassets in Resources */ = {isa = PBXBuildFile; fileRef = 091C623F2A24DD1200AA5981 /* Assets.xcassets */; };
		091C62432A24DD1200AA5981 /* Preview Assets.xcassets in Resources */ = {isa = PBXBuildFile; fileRef = 091C62422A24DD1200AA5981 /* Preview Assets.xcassets */; };
		091C624D2A24DD1200AA5981 /* OffSeason3Tests.swift in Sources */ = {isa = PBXBuildFile; fileRef = 091C624C2A24DD1200AA5981 /* OffSeason3Tests.swift */; };
		091C62572A24DD1200AA5981 /* OffSeason3UITests.swift in Sources */ = {isa = PBXBuildFile; fileRef = 091C62562A24DD1200AA5981 /* OffSeason3UITests.swift */; };
		091C62592A24DD1200AA5981 /* OffSeason3UITestsLaunchTests.swift in Sources */ = {isa = PBXBuildFile; fileRef = 091C62582A24DD1200AA5981 /* OffSeason3UITestsLaunchTests.swift */; };
		091C62662A24DD9F00AA5981 /* GoogleService-Info.plist in Resources */ = {isa = PBXBuildFile; fileRef = 091C62652A24DD9F00AA5981 /* GoogleService-Info.plist */; };
		091C62692A24DE4B00AA5981 /* FirebaseAnalytics in Frameworks */ = {isa = PBXBuildFile; productRef = 091C62682A24DE4B00AA5981 /* FirebaseAnalytics */; };
		091C626B2A24DE4B00AA5981 /* FirebaseAnalyticsSwift in Frameworks */ = {isa = PBXBuildFile; productRef = 091C626A2A24DE4B00AA5981 /* FirebaseAnalyticsSwift */; };
		091C626D2A24DE4B00AA5981 /* FirebaseAuth in Frameworks */ = {isa = PBXBuildFile; productRef = 091C626C2A24DE4B00AA5981 /* FirebaseAuth */; };
		091C626F2A24DE4B00AA5981 /* FirebaseAuthCombine-Community in Frameworks */ = {isa = PBXBuildFile; productRef = 091C626E2A24DE4B00AA5981 /* FirebaseAuthCombine-Community */; };
		091C62712A24DE4B00AA5981 /* FirebaseCrashlytics in Frameworks */ = {isa = PBXBuildFile; productRef = 091C62702A24DE4B00AA5981 /* FirebaseCrashlytics */; };
		091C62732A24DE4B00AA5981 /* FirebaseDatabase in Frameworks */ = {isa = PBXBuildFile; productRef = 091C62722A24DE4B00AA5981 /* FirebaseDatabase */; };
		091C62752A24DE4B00AA5981 /* FirebaseDatabaseSwift in Frameworks */ = {isa = PBXBuildFile; productRef = 091C62742A24DE4B00AA5981 /* FirebaseDatabaseSwift */; };
		091C62772A24DE4B00AA5981 /* FirebaseFirestore in Frameworks */ = {isa = PBXBuildFile; productRef = 091C62762A24DE4B00AA5981 /* FirebaseFirestore */; };
		091C62792A24DE4B00AA5981 /* FirebaseFirestoreSwift in Frameworks */ = {isa = PBXBuildFile; productRef = 091C62782A24DE4B00AA5981 /* FirebaseFirestoreSwift */; };
		091C627B2A24DE4B00AA5981 /* FirebaseInAppMessaging-Beta in Frameworks */ = {isa = PBXBuildFile; productRef = 091C627A2A24DE4B00AA5981 /* FirebaseInAppMessaging-Beta */; };
		091C627D2A24DE4B00AA5981 /* FirebaseInAppMessagingSwift-Beta in Frameworks */ = {isa = PBXBuildFile; productRef = 091C627C2A24DE4B00AA5981 /* FirebaseInAppMessagingSwift-Beta */; };
		091C627F2A24DE4B00AA5981 /* FirebaseMessaging in Frameworks */ = {isa = PBXBuildFile; productRef = 091C627E2A24DE4B00AA5981 /* FirebaseMessaging */; };
		091C62812A24DE4B00AA5981 /* FirebaseStorage in Frameworks */ = {isa = PBXBuildFile; productRef = 091C62802A24DE4B00AA5981 /* FirebaseStorage */; };
		091C62832A24E40900AA5981 /* MapView .swift in Sources */ = {isa = PBXBuildFile; fileRef = 091C62822A24E40900AA5981 /* MapView .swift */; };
		091C62852A24E7AA00AA5981 /* EventDetailsView.swift in Sources */ = {isa = PBXBuildFile; fileRef = 091C62842A24E7AA00AA5981 /* EventDetailsView.swift */; };
		091C62892A24E90A00AA5981 /* GameViewModel.swift in Sources */ = {isa = PBXBuildFile; fileRef = 091C62882A24E90A00AA5981 /* GameViewModel.swift */; };
		091C628B2A24E9C500AA5981 /* Game.swift in Sources */ = {isa = PBXBuildFile; fileRef = 091C628A2A24E9C500AA5981 /* Game.swift */; };
		091C62902A24EE3C00AA5981 /* Testadding data view.swift in Sources */ = {isa = PBXBuildFile; fileRef = 091C628F2A24EE3C00AA5981 /* Testadding data view.swift */; };
		091C62922A25061300AA5981 /* LocationViewModel.swift in Sources */ = {isa = PBXBuildFile; fileRef = 091C62912A25061300AA5981 /* LocationViewModel.swift */; };
		091C62942A25151D00AA5981 /* Place.swift in Sources */ = {isa = PBXBuildFile; fileRef = 091C62932A25151D00AA5981 /* Place.swift */; };
		091C62962A25154000AA5981 /* PlaceLookupView.swift in Sources */ = {isa = PBXBuildFile; fileRef = 091C62952A25154000AA5981 /* PlaceLookupView.swift */; };
		091C62982A2515A600AA5981 /* PlaceViewModel.swift in Sources */ = {isa = PBXBuildFile; fileRef = 091C62972A2515A600AA5981 /* PlaceViewModel.swift */; };
/* End PBXBuildFile section */

/* Begin PBXContainerItemProxy section */
		091C62492A24DD1200AA5981 /* PBXContainerItemProxy */ = {
			isa = PBXContainerItemProxy;
			containerPortal = 091C62302A24DD1100AA5981 /* Project object */;
			proxyType = 1;
			remoteGlobalIDString = 091C62372A24DD1100AA5981;
			remoteInfo = OffSeason3;
		};
		091C62532A24DD1200AA5981 /* PBXContainerItemProxy */ = {
			isa = PBXContainerItemProxy;
			containerPortal = 091C62302A24DD1100AA5981 /* Project object */;
			proxyType = 1;
			remoteGlobalIDString = 091C62372A24DD1100AA5981;
			remoteInfo = OffSeason3;
		};
/* End PBXContainerItemProxy section */

/* Begin PBXFileReference section */
		091C62382A24DD1100AA5981 /* OffSeason3.app */ = {isa = PBXFileReference; explicitFileType = wrapper.application; includeInIndex = 0; path = OffSeason3.app; sourceTree = BUILT_PRODUCTS_DIR; };
		091C623B2A24DD1100AA5981 /* OffSeason3App.swift */ = {isa = PBXFileReference; lastKnownFileType = sourcecode.swift; path = OffSeason3App.swift; sourceTree = "<group>"; };
		091C623D2A24DD1100AA5981 /* LoginView.swift */ = {isa = PBXFileReference; lastKnownFileType = sourcecode.swift; path = LoginView.swift; sourceTree = "<group>"; };
		091C623F2A24DD1200AA5981 /* Assets.xcassets */ = {isa = PBXFileReference; lastKnownFileType = folder.assetcatalog; path = Assets.xcassets; sourceTree = "<group>"; };
		091C62422A24DD1200AA5981 /* Preview Assets.xcassets */ = {isa = PBXFileReference; lastKnownFileType = folder.assetcatalog; path = "Preview Assets.xcassets"; sourceTree = "<group>"; };
		091C62482A24DD1200AA5981 /* OffSeason3Tests.xctest */ = {isa = PBXFileReference; explicitFileType = wrapper.cfbundle; includeInIndex = 0; path = OffSeason3Tests.xctest; sourceTree = BUILT_PRODUCTS_DIR; };
		091C624C2A24DD1200AA5981 /* OffSeason3Tests.swift */ = {isa = PBXFileReference; lastKnownFileType = sourcecode.swift; path = OffSeason3Tests.swift; sourceTree = "<group>"; };
		091C62522A24DD1200AA5981 /* OffSeason3UITests.xctest */ = {isa = PBXFileReference; explicitFileType = wrapper.cfbundle; includeInIndex = 0; path = OffSeason3UITests.xctest; sourceTree = BUILT_PRODUCTS_DIR; };
		091C62562A24DD1200AA5981 /* OffSeason3UITests.swift */ = {isa = PBXFileReference; lastKnownFileType = sourcecode.swift; path = OffSeason3UITests.swift; sourceTree = "<group>"; };
		091C62582A24DD1200AA5981 /* OffSeason3UITestsLaunchTests.swift */ = {isa = PBXFileReference; lastKnownFileType = sourcecode.swift; path = OffSeason3UITestsLaunchTests.swift; sourceTree = "<group>"; };
		091C62652A24DD9F00AA5981 /* GoogleService-Info.plist */ = {isa = PBXFileReference; fileEncoding = 4; lastKnownFileType = text.plist.xml; path = "GoogleService-Info.plist"; sourceTree = "<group>"; };
		091C62822A24E40900AA5981 /* MapView .swift */ = {isa = PBXFileReference; lastKnownFileType = sourcecode.swift; path = "MapView .swift"; sourceTree = "<group>"; };
		091C62842A24E7AA00AA5981 /* EventDetailsView.swift */ = {isa = PBXFileReference; lastKnownFileType = sourcecode.swift; path = EventDetailsView.swift; sourceTree = "<group>"; };
		091C62882A24E90A00AA5981 /* GameViewModel.swift */ = {isa = PBXFileReference; lastKnownFileType = sourcecode.swift; path = GameViewModel.swift; sourceTree = "<group>"; };
		091C628A2A24E9C500AA5981 /* Game.swift */ = {isa = PBXFileReference; lastKnownFileType = sourcecode.swift; path = Game.swift; sourceTree = "<group>"; };
		091C628F2A24EE3C00AA5981 /* Testadding data view.swift */ = {isa = PBXFileReference; lastKnownFileType = sourcecode.swift; path = "Testadding data view.swift"; sourceTree = "<group>"; };
		091C62912A25061300AA5981 /* LocationViewModel.swift */ = {isa = PBXFileReference; lastKnownFileType = sourcecode.swift; path = LocationViewModel.swift; sourceTree = "<group>"; };
		091C62932A25151D00AA5981 /* Place.swift */ = {isa = PBXFileReference; fileEncoding = 4; lastKnownFileType = sourcecode.swift; path = Place.swift; sourceTree = "<group>"; };
		091C62952A25154000AA5981 /* PlaceLookupView.swift */ = {isa = PBXFileReference; fileEncoding = 4; lastKnownFileType = sourcecode.swift; path = PlaceLookupView.swift; sourceTree = "<group>"; };
		091C62972A2515A600AA5981 /* PlaceViewModel.swift */ = {isa = PBXFileReference; fileEncoding = 4; lastKnownFileType = sourcecode.swift; path = PlaceViewModel.swift; sourceTree = "<group>"; };
/* End PBXFileReference section */

/* Begin PBXFrameworksBuildPhase section */
		091C62352A24DD1100AA5981 /* Frameworks */ = {
			isa = PBXFrameworksBuildPhase;
			buildActionMask = 2147483647;
			files = (
				091C627F2A24DE4B00AA5981 /* FirebaseMessaging in Frameworks */,
				091C627D2A24DE4B00AA5981 /* FirebaseInAppMessagingSwift-Beta in Frameworks */,
				091C62752A24DE4B00AA5981 /* FirebaseDatabaseSwift in Frameworks */,
				091C62732A24DE4B00AA5981 /* FirebaseDatabase in Frameworks */,
				091C626B2A24DE4B00AA5981 /* FirebaseAnalyticsSwift in Frameworks */,
				091C626D2A24DE4B00AA5981 /* FirebaseAuth in Frameworks */,
				091C62712A24DE4B00AA5981 /* FirebaseCrashlytics in Frameworks */,
				091C62772A24DE4B00AA5981 /* FirebaseFirestore in Frameworks */,
				091C62812A24DE4B00AA5981 /* FirebaseStorage in Frameworks */,
				091C62692A24DE4B00AA5981 /* FirebaseAnalytics in Frameworks */,
				091C626F2A24DE4B00AA5981 /* FirebaseAuthCombine-Community in Frameworks */,
				091C62792A24DE4B00AA5981 /* FirebaseFirestoreSwift in Frameworks */,
				091C627B2A24DE4B00AA5981 /* FirebaseInAppMessaging-Beta in Frameworks */,
			);
			runOnlyForDeploymentPostprocessing = 0;
		};
		091C62452A24DD1200AA5981 /* Frameworks */ = {
			isa = PBXFrameworksBuildPhase;
			buildActionMask = 2147483647;
			files = (
			);
			runOnlyForDeploymentPostprocessing = 0;
		};
		091C624F2A24DD1200AA5981 /* Frameworks */ = {
			isa = PBXFrameworksBuildPhase;
			buildActionMask = 2147483647;
			files = (
			);
			runOnlyForDeploymentPostprocessing = 0;
		};
/* End PBXFrameworksBuildPhase section */

/* Begin PBXGroup section */
		091C622F2A24DD1100AA5981 = {
			isa = PBXGroup;
			children = (
				091C62652A24DD9F00AA5981 /* GoogleService-Info.plist */,
				091C623A2A24DD1100AA5981 /* OffSeason3 */,
				091C624B2A24DD1200AA5981 /* OffSeason3Tests */,
				091C62552A24DD1200AA5981 /* OffSeason3UITests */,
				091C62392A24DD1100AA5981 /* Products */,
			);
			sourceTree = "<group>";
		};
		091C62392A24DD1100AA5981 /* Products */ = {
			isa = PBXGroup;
			children = (
				091C62382A24DD1100AA5981 /* OffSeason3.app */,
				091C62482A24DD1200AA5981 /* OffSeason3Tests.xctest */,
				091C62522A24DD1200AA5981 /* OffSeason3UITests.xctest */,
			);
			name = Products;
			sourceTree = "<group>";
		};
		091C623A2A24DD1100AA5981 /* OffSeason3 */ = {
			isa = PBXGroup;
			children = (
				091C623B2A24DD1100AA5981 /* OffSeason3App.swift */,
				091C628C2A24EA5400AA5981 /* Views */,
				091C628E2A24EA6400AA5981 /* ViewModels  */,
				091C628D2A24EA5D00AA5981 /* Models */,
				091C623F2A24DD1200AA5981 /* Assets.xcassets */,
				091C62412A24DD1200AA5981 /* Preview Content */,
			);
			path = OffSeason3;
			sourceTree = "<group>";
		};
		091C62412A24DD1200AA5981 /* Preview Content */ = {
			isa = PBXGroup;
			children = (
				091C62422A24DD1200AA5981 /* Preview Assets.xcassets */,
			);
			path = "Preview Content";
			sourceTree = "<group>";
		};
		091C624B2A24DD1200AA5981 /* OffSeason3Tests */ = {
			isa = PBXGroup;
			children = (
				091C624C2A24DD1200AA5981 /* OffSeason3Tests.swift */,
			);
			path = OffSeason3Tests;
			sourceTree = "<group>";
		};
		091C62552A24DD1200AA5981 /* OffSeason3UITests */ = {
			isa = PBXGroup;
			children = (
				091C62562A24DD1200AA5981 /* OffSeason3UITests.swift */,
				091C62582A24DD1200AA5981 /* OffSeason3UITestsLaunchTests.swift */,
			);
			path = OffSeason3UITests;
			sourceTree = "<group>";
		};
		091C628C2A24EA5400AA5981 /* Views */ = {
			isa = PBXGroup;
			children = (
				091C62952A25154000AA5981 /* PlaceLookupView.swift */,
				091C62842A24E7AA00AA5981 /* EventDetailsView.swift */,
				091C623D2A24DD1100AA5981 /* LoginView.swift */,
				091C62822A24E40900AA5981 /* MapView .swift */,
				091C628F2A24EE3C00AA5981 /* Testadding data view.swift */,
			);
			path = Views;
			sourceTree = "<group>";
		};
		091C628D2A24EA5D00AA5981 /* Models */ = {
			isa = PBXGroup;
			children = (
				091C62932A25151D00AA5981 /* Place.swift */,
				091C628A2A24E9C500AA5981 /* Game.swift */,
			);
			path = Models;
			sourceTree = "<group>";
		};
		091C628E2A24EA6400AA5981 /* ViewModels  */ = {
			isa = PBXGroup;
			children = (
				091C62972A2515A600AA5981 /* PlaceViewModel.swift */,
				091C62882A24E90A00AA5981 /* GameViewModel.swift */,
				091C62912A25061300AA5981 /* LocationViewModel.swift */,
			);
			path = "ViewModels ";
			sourceTree = "<group>";
		};
/* End PBXGroup section */

/* Begin PBXNativeTarget section */
		091C62372A24DD1100AA5981 /* OffSeason3 */ = {
			isa = PBXNativeTarget;
			buildConfigurationList = 091C625C2A24DD1200AA5981 /* Build configuration list for PBXNativeTarget "OffSeason3" */;
			buildPhases = (
				091C62342A24DD1100AA5981 /* Sources */,
				091C62352A24DD1100AA5981 /* Frameworks */,
				091C62362A24DD1100AA5981 /* Resources */,
			);
			buildRules = (
			);
			dependencies = (
			);
			name = OffSeason3;
			packageProductDependencies = (
				091C62682A24DE4B00AA5981 /* FirebaseAnalytics */,
				091C626A2A24DE4B00AA5981 /* FirebaseAnalyticsSwift */,
				091C626C2A24DE4B00AA5981 /* FirebaseAuth */,
				091C626E2A24DE4B00AA5981 /* FirebaseAuthCombine-Community */,
				091C62702A24DE4B00AA5981 /* FirebaseCrashlytics */,
				091C62722A24DE4B00AA5981 /* FirebaseDatabase */,
				091C62742A24DE4B00AA5981 /* FirebaseDatabaseSwift */,
				091C62762A24DE4B00AA5981 /* FirebaseFirestore */,
				091C62782A24DE4B00AA5981 /* FirebaseFirestoreSwift */,
				091C627A2A24DE4B00AA5981 /* FirebaseInAppMessaging-Beta */,
				091C627C2A24DE4B00AA5981 /* FirebaseInAppMessagingSwift-Beta */,
				091C627E2A24DE4B00AA5981 /* FirebaseMessaging */,
				091C62802A24DE4B00AA5981 /* FirebaseStorage */,
			);
			productName = OffSeason3;
			productReference = 091C62382A24DD1100AA5981 /* OffSeason3.app */;
			productType = "com.apple.product-type.application";
		};
		091C62472A24DD1200AA5981 /* OffSeason3Tests */ = {
			isa = PBXNativeTarget;
			buildConfigurationList = 091C625F2A24DD1200AA5981 /* Build configuration list for PBXNativeTarget "OffSeason3Tests" */;
			buildPhases = (
				091C62442A24DD1200AA5981 /* Sources */,
				091C62452A24DD1200AA5981 /* Frameworks */,
				091C62462A24DD1200AA5981 /* Resources */,
			);
			buildRules = (
			);
			dependencies = (
				091C624A2A24DD1200AA5981 /* PBXTargetDependency */,
			);
			name = OffSeason3Tests;
			productName = OffSeason3Tests;
			productReference = 091C62482A24DD1200AA5981 /* OffSeason3Tests.xctest */;
			productType = "com.apple.product-type.bundle.unit-test";
		};
		091C62512A24DD1200AA5981 /* OffSeason3UITests */ = {
			isa = PBXNativeTarget;
			buildConfigurationList = 091C62622A24DD1200AA5981 /* Build configuration list for PBXNativeTarget "OffSeason3UITests" */;
			buildPhases = (
				091C624E2A24DD1200AA5981 /* Sources */,
				091C624F2A24DD1200AA5981 /* Frameworks */,
				091C62502A24DD1200AA5981 /* Resources */,
			);
			buildRules = (
			);
			dependencies = (
				091C62542A24DD1200AA5981 /* PBXTargetDependency */,
			);
			name = OffSeason3UITests;
			productName = OffSeason3UITests;
			productReference = 091C62522A24DD1200AA5981 /* OffSeason3UITests.xctest */;
			productType = "com.apple.product-type.bundle.ui-testing";
		};
/* End PBXNativeTarget section */

/* Begin PBXProject section */
		091C62302A24DD1100AA5981 /* Project object */ = {
			isa = PBXProject;
			attributes = {
				BuildIndependentTargetsInParallel = 1;
				LastSwiftUpdateCheck = 1430;
				LastUpgradeCheck = 1430;
				TargetAttributes = {
					091C62372A24DD1100AA5981 = {
						CreatedOnToolsVersion = 14.3;
					};
					091C62472A24DD1200AA5981 = {
						CreatedOnToolsVersion = 14.3;
						TestTargetID = 091C62372A24DD1100AA5981;
					};
					091C62512A24DD1200AA5981 = {
						CreatedOnToolsVersion = 14.3;
						TestTargetID = 091C62372A24DD1100AA5981;
					};
				};
			};
			buildConfigurationList = 091C62332A24DD1100AA5981 /* Build configuration list for PBXProject "OffSeason3" */;
			compatibilityVersion = "Xcode 14.0";
			developmentRegion = en;
			hasScannedForEncodings = 0;
			knownRegions = (
				en,
				Base,
			);
			mainGroup = 091C622F2A24DD1100AA5981;
			packageReferences = (
				091C62672A24DE4B00AA5981 /* XCRemoteSwiftPackageReference "firebase-ios-sdk" */,
			);
			productRefGroup = 091C62392A24DD1100AA5981 /* Products */;
			projectDirPath = "";
			projectRoot = "";
			targets = (
				091C62372A24DD1100AA5981 /* OffSeason3 */,
				091C62472A24DD1200AA5981 /* OffSeason3Tests */,
				091C62512A24DD1200AA5981 /* OffSeason3UITests */,
			);
		};
/* End PBXProject section */

/* Begin PBXResourcesBuildPhase section */
		091C62362A24DD1100AA5981 /* Resources */ = {
			isa = PBXResourcesBuildPhase;
			buildActionMask = 2147483647;
			files = (
				091C62662A24DD9F00AA5981 /* GoogleService-Info.plist in Resources */,
				091C62432A24DD1200AA5981 /* Preview Assets.xcassets in Resources */,
				091C62402A24DD1200AA5981 /* Assets.xcassets in Resources */,
			);
			runOnlyForDeploymentPostprocessing = 0;
		};
		091C62462A24DD1200AA5981 /* Resources */ = {
			isa = PBXResourcesBuildPhase;
			buildActionMask = 2147483647;
			files = (
			);
			runOnlyForDeploymentPostprocessing = 0;
		};
		091C62502A24DD1200AA5981 /* Resources */ = {
			isa = PBXResourcesBuildPhase;
			buildActionMask = 2147483647;
			files = (
			);
			runOnlyForDeploymentPostprocessing = 0;
		};
/* End PBXResourcesBuildPhase section */

/* Begin PBXSourcesBuildPhase section */
		091C62342A24DD1100AA5981 /* Sources */ = {
			isa = PBXSourcesBuildPhase;
			buildActionMask = 2147483647;
			files = (
				091C62892A24E90A00AA5981 /* GameViewModel.swift in Sources */,
				091C62902A24EE3C00AA5981 /* Testadding data view.swift in Sources */,
				091C62962A25154000AA5981 /* PlaceLookupView.swift in Sources */,
				091C62982A2515A600AA5981 /* PlaceViewModel.swift in Sources */,
				091C62852A24E7AA00AA5981 /* EventDetailsView.swift in Sources */,
				091C628B2A24E9C500AA5981 /* Game.swift in Sources */,
				091C62832A24E40900AA5981 /* MapView .swift in Sources */,
				091C623E2A24DD1100AA5981 /* LoginView.swift in Sources */,
				091C62942A25151D00AA5981 /* Place.swift in Sources */,
				091C623C2A24DD1100AA5981 /* OffSeason3App.swift in Sources */,
				091C62922A25061300AA5981 /* LocationViewModel.swift in Sources */,
			);
			runOnlyForDeploymentPostprocessing = 0;
		};
		091C62442A24DD1200AA5981 /* Sources */ = {
			isa = PBXSourcesBuildPhase;
			buildActionMask = 2147483647;
			files = (
				091C624D2A24DD1200AA5981 /* OffSeason3Tests.swift in Sources */,
			);
			runOnlyForDeploymentPostprocessing = 0;
		};
		091C624E2A24DD1200AA5981 /* Sources */ = {
			isa = PBXSourcesBuildPhase;
			buildActionMask = 2147483647;
			files = (
				091C62572A24DD1200AA5981 /* OffSeason3UITests.swift in Sources */,
				091C62592A24DD1200AA5981 /* OffSeason3UITestsLaunchTests.swift in Sources */,
			);
			runOnlyForDeploymentPostprocessing = 0;
		};
/* End PBXSourcesBuildPhase section */

/* Begin PBXTargetDependency section */
		091C624A2A24DD1200AA5981 /* PBXTargetDependency */ = {
			isa = PBXTargetDependency;
			target = 091C62372A24DD1100AA5981 /* OffSeason3 */;
			targetProxy = 091C62492A24DD1200AA5981 /* PBXContainerItemProxy */;
		};
		091C62542A24DD1200AA5981 /* PBXTargetDependency */ = {
			isa = PBXTargetDependency;
			target = 091C62372A24DD1100AA5981 /* OffSeason3 */;
			targetProxy = 091C62532A24DD1200AA5981 /* PBXContainerItemProxy */;
		};
/* End PBXTargetDependency section */

/* Begin XCBuildConfiguration section */
		091C625A2A24DD1200AA5981 /* Debug */ = {
			isa = XCBuildConfiguration;
			buildSettings = {
				ALWAYS_SEARCH_USER_PATHS = NO;
				CLANG_ANALYZER_NONNULL = YES;
				CLANG_ANALYZER_NUMBER_OBJECT_CONVERSION = YES_AGGRESSIVE;
				CLANG_CXX_LANGUAGE_STANDARD = "gnu++20";
				CLANG_ENABLE_MODULES = YES;
				CLANG_ENABLE_OBJC_ARC = YES;
				CLANG_ENABLE_OBJC_WEAK = YES;
				CLANG_WARN_BLOCK_CAPTURE_AUTORELEASING = YES;
				CLANG_WARN_BOOL_CONVERSION = YES;
				CLANG_WARN_COMMA = YES;
				CLANG_WARN_CONSTANT_CONVERSION = YES;
				CLANG_WARN_DEPRECATED_OBJC_IMPLEMENTATIONS = YES;
				CLANG_WARN_DIRECT_OBJC_ISA_USAGE = YES_ERROR;
				CLANG_WARN_DOCUMENTATION_COMMENTS = YES;
				CLANG_WARN_EMPTY_BODY = YES;
				CLANG_WARN_ENUM_CONVERSION = YES;
				CLANG_WARN_INFINITE_RECURSION = YES;
				CLANG_WARN_INT_CONVERSION = YES;
				CLANG_WARN_NON_LITERAL_NULL_CONVERSION = YES;
				CLANG_WARN_OBJC_IMPLICIT_RETAIN_SELF = YES;
				CLANG_WARN_OBJC_LITERAL_CONVERSION = YES;
				CLANG_WARN_OBJC_ROOT_CLASS = YES_ERROR;
				CLANG_WARN_QUOTED_INCLUDE_IN_FRAMEWORK_HEADER = YES;
				CLANG_WARN_RANGE_LOOP_ANALYSIS = YES;
				CLANG_WARN_STRICT_PROTOTYPES = YES;
				CLANG_WARN_SUSPICIOUS_MOVE = YES;
				CLANG_WARN_UNGUARDED_AVAILABILITY = YES_AGGRESSIVE;
				CLANG_WARN_UNREACHABLE_CODE = YES;
				CLANG_WARN__DUPLICATE_METHOD_MATCH = YES;
				COPY_PHASE_STRIP = NO;
				DEBUG_INFORMATION_FORMAT = dwarf;
				ENABLE_STRICT_OBJC_MSGSEND = YES;
				ENABLE_TESTABILITY = YES;
				GCC_C_LANGUAGE_STANDARD = gnu11;
				GCC_DYNAMIC_NO_PIC = NO;
				GCC_NO_COMMON_BLOCKS = YES;
				GCC_OPTIMIZATION_LEVEL = 0;
				GCC_PREPROCESSOR_DEFINITIONS = (
					"DEBUG=1",
					"$(inherited)",
				);
				GCC_WARN_64_TO_32_BIT_CONVERSION = YES;
				GCC_WARN_ABOUT_RETURN_TYPE = YES_ERROR;
				GCC_WARN_UNDECLARED_SELECTOR = YES;
				GCC_WARN_UNINITIALIZED_AUTOS = YES_AGGRESSIVE;
				GCC_WARN_UNUSED_FUNCTION = YES;
				GCC_WARN_UNUSED_VARIABLE = YES;
				IPHONEOS_DEPLOYMENT_TARGET = 16.4;
				MTL_ENABLE_DEBUG_INFO = INCLUDE_SOURCE;
				MTL_FAST_MATH = YES;
				ONLY_ACTIVE_ARCH = YES;
				SDKROOT = iphoneos;
				SWIFT_ACTIVE_COMPILATION_CONDITIONS = DEBUG;
				SWIFT_OPTIMIZATION_LEVEL = "-Onone";
			};
			name = Debug;
		};
		091C625B2A24DD1200AA5981 /* Release */ = {
			isa = XCBuildConfiguration;
			buildSettings = {
				ALWAYS_SEARCH_USER_PATHS = NO;
				CLANG_ANALYZER_NONNULL = YES;
				CLANG_ANALYZER_NUMBER_OBJECT_CONVERSION = YES_AGGRESSIVE;
				CLANG_CXX_LANGUAGE_STANDARD = "gnu++20";
				CLANG_ENABLE_MODULES = YES;
				CLANG_ENABLE_OBJC_ARC = YES;
				CLANG_ENABLE_OBJC_WEAK = YES;
				CLANG_WARN_BLOCK_CAPTURE_AUTORELEASING = YES;
				CLANG_WARN_BOOL_CONVERSION = YES;
				CLANG_WARN_COMMA = YES;
				CLANG_WARN_CONSTANT_CONVERSION = YES;
				CLANG_WARN_DEPRECATED_OBJC_IMPLEMENTATIONS = YES;
				CLANG_WARN_DIRECT_OBJC_ISA_USAGE = YES_ERROR;
				CLANG_WARN_DOCUMENTATION_COMMENTS = YES;
				CLANG_WARN_EMPTY_BODY = YES;
				CLANG_WARN_ENUM_CONVERSION = YES;
				CLANG_WARN_INFINITE_RECURSION = YES;
				CLANG_WARN_INT_CONVERSION = YES;
				CLANG_WARN_NON_LITERAL_NULL_CONVERSION = YES;
				CLANG_WARN_OBJC_IMPLICIT_RETAIN_SELF = YES;
				CLANG_WARN_OBJC_LITERAL_CONVERSION = YES;
				CLANG_WARN_OBJC_ROOT_CLASS = YES_ERROR;
				CLANG_WARN_QUOTED_INCLUDE_IN_FRAMEWORK_HEADER = YES;
				CLANG_WARN_RANGE_LOOP_ANALYSIS = YES;
				CLANG_WARN_STRICT_PROTOTYPES = YES;
				CLANG_WARN_SUSPICIOUS_MOVE = YES;
				CLANG_WARN_UNGUARDED_AVAILABILITY = YES_AGGRESSIVE;
				CLANG_WARN_UNREACHABLE_CODE = YES;
				CLANG_WARN__DUPLICATE_METHOD_MATCH = YES;
				COPY_PHASE_STRIP = NO;
				DEBUG_INFORMATION_FORMAT = "dwarf-with-dsym";
				ENABLE_NS_ASSERTIONS = NO;
				ENABLE_STRICT_OBJC_MSGSEND = YES;
				GCC_C_LANGUAGE_STANDARD = gnu11;
				GCC_NO_COMMON_BLOCKS = YES;
				GCC_WARN_64_TO_32_BIT_CONVERSION = YES;
				GCC_WARN_ABOUT_RETURN_TYPE = YES_ERROR;
				GCC_WARN_UNDECLARED_SELECTOR = YES;
				GCC_WARN_UNINITIALIZED_AUTOS = YES_AGGRESSIVE;
				GCC_WARN_UNUSED_FUNCTION = YES;
				GCC_WARN_UNUSED_VARIABLE = YES;
				IPHONEOS_DEPLOYMENT_TARGET = 16.4;
				MTL_ENABLE_DEBUG_INFO = NO;
				MTL_FAST_MATH = YES;
				SDKROOT = iphoneos;
				SWIFT_COMPILATION_MODE = wholemodule;
				SWIFT_OPTIMIZATION_LEVEL = "-O";
				VALIDATE_PRODUCT = YES;
			};
			name = Release;
		};
		091C625D2A24DD1200AA5981 /* Debug */ = {
			isa = XCBuildConfiguration;
			buildSettings = {
				ASSETCATALOG_COMPILER_APPICON_NAME = AppIcon;
				ASSETCATALOG_COMPILER_GLOBAL_ACCENT_COLOR_NAME = AccentColor;
				CODE_SIGN_STYLE = Automatic;
				CURRENT_PROJECT_VERSION = 1;
				DEVELOPMENT_ASSET_PATHS = "\"OffSeason3/Preview Content\"";
				DEVELOPMENT_TEAM = Q883HJGNY5;
				ENABLE_PREVIEWS = YES;
				GENERATE_INFOPLIST_FILE = YES;
				INFOPLIST_KEY_NSLocationAlwaysAndWhenInUseUsageDescription = "This app requires access to the users location";
				INFOPLIST_KEY_NSLocationWhenInUseUsageDescription = "This app requires access to the users location";
				INFOPLIST_KEY_UIApplicationSceneManifest_Generation = YES;
				INFOPLIST_KEY_UIApplicationSupportsIndirectInputEvents = YES;
				INFOPLIST_KEY_UILaunchScreen_Generation = YES;
				INFOPLIST_KEY_UISupportedInterfaceOrientations_iPad = "UIInterfaceOrientationPortrait UIInterfaceOrientationPortraitUpsideDown UIInterfaceOrientationLandscapeLeft UIInterfaceOrientationLandscapeRight";
				INFOPLIST_KEY_UISupportedInterfaceOrientations_iPhone = "UIInterfaceOrientationPortrait UIInterfaceOrientationLandscapeLeft UIInterfaceOrientationLandscapeRight";
				LD_RUNPATH_SEARCH_PATHS = (
					"$(inherited)",
					"@executable_path/Frameworks",
				);
				MARKETING_VERSION = 1.0;
				PRODUCT_BUNDLE_IDENTIFIER = com.theXcodes.OffSeason3;
				PRODUCT_NAME = "$(TARGET_NAME)";
				SWIFT_EMIT_LOC_STRINGS = YES;
				SWIFT_VERSION = 5.0;
				TARGETED_DEVICE_FAMILY = "1,2";
			};
			name = Debug;
		};
		091C625E2A24DD1200AA5981 /* Release */ = {
			isa = XCBuildConfiguration;
			buildSettings = {
				ASSETCATALOG_COMPILER_APPICON_NAME = AppIcon;
				ASSETCATALOG_COMPILER_GLOBAL_ACCENT_COLOR_NAME = AccentColor;
				CODE_SIGN_STYLE = Automatic;
				CURRENT_PROJECT_VERSION = 1;
				DEVELOPMENT_ASSET_PATHS = "\"OffSeason3/Preview Content\"";
				DEVELOPMENT_TEAM = Q883HJGNY5;
				ENABLE_PREVIEWS = YES;
				GENERATE_INFOPLIST_FILE = YES;
				INFOPLIST_KEY_NSLocationAlwaysAndWhenInUseUsageDescription = "This app requires access to the users location";
				INFOPLIST_KEY_NSLocationWhenInUseUsageDescription = "This app requires access to the users location";
				INFOPLIST_KEY_UIApplicationSceneManifest_Generation = YES;
				INFOPLIST_KEY_UIApplicationSupportsIndirectInputEvents = YES;
				INFOPLIST_KEY_UILaunchScreen_Generation = YES;
				INFOPLIST_KEY_UISupportedInterfaceOrientations_iPad = "UIInterfaceOrientationPortrait UIInterfaceOrientationPortraitUpsideDown UIInterfaceOrientationLandscapeLeft UIInterfaceOrientationLandscapeRight";
				INFOPLIST_KEY_UISupportedInterfaceOrientations_iPhone = "UIInterfaceOrientationPortrait UIInterfaceOrientationLandscapeLeft UIInterfaceOrientationLandscapeRight";
				LD_RUNPATH_SEARCH_PATHS = (
					"$(inherited)",
					"@executable_path/Frameworks",
				);
				MARKETING_VERSION = 1.0;
				PRODUCT_BUNDLE_IDENTIFIER = com.theXcodes.OffSeason3;
				PRODUCT_NAME = "$(TARGET_NAME)";
				SWIFT_EMIT_LOC_STRINGS = YES;
				SWIFT_VERSION = 5.0;
				TARGETED_DEVICE_FAMILY = "1,2";
			};
			name = Release;
		};
		091C62602A24DD1200AA5981 /* Debug */ = {
			isa = XCBuildConfiguration;
			buildSettings = {
				ALWAYS_EMBED_SWIFT_STANDARD_LIBRARIES = YES;
				BUNDLE_LOADER = "$(TEST_HOST)";
				CODE_SIGN_STYLE = Automatic;
				CURRENT_PROJECT_VERSION = 1;
				DEVELOPMENT_TEAM = Q883HJGNY5;
				GENERATE_INFOPLIST_FILE = YES;
				IPHONEOS_DEPLOYMENT_TARGET = 16.4;
				MARKETING_VERSION = 1.0;
				PRODUCT_BUNDLE_IDENTIFIER = com.theXcodes.OffSeason3Tests;
				PRODUCT_NAME = "$(TARGET_NAME)";
				SWIFT_EMIT_LOC_STRINGS = NO;
				SWIFT_VERSION = 5.0;
				TARGETED_DEVICE_FAMILY = "1,2";
				TEST_HOST = "$(BUILT_PRODUCTS_DIR)/OffSeason3.app/$(BUNDLE_EXECUTABLE_FOLDER_PATH)/OffSeason3";
			};
			name = Debug;
		};
		091C62612A24DD1200AA5981 /* Release */ = {
			isa = XCBuildConfiguration;
			buildSettings = {
				ALWAYS_EMBED_SWIFT_STANDARD_LIBRARIES = YES;
				BUNDLE_LOADER = "$(TEST_HOST)";
				CODE_SIGN_STYLE = Automatic;
				CURRENT_PROJECT_VERSION = 1;
				DEVELOPMENT_TEAM = Q883HJGNY5;
				GENERATE_INFOPLIST_FILE = YES;
				IPHONEOS_DEPLOYMENT_TARGET = 16.4;
				MARKETING_VERSION = 1.0;
				PRODUCT_BUNDLE_IDENTIFIER = com.theXcodes.OffSeason3Tests;
				PRODUCT_NAME = "$(TARGET_NAME)";
				SWIFT_EMIT_LOC_STRINGS = NO;
				SWIFT_VERSION = 5.0;
				TARGETED_DEVICE_FAMILY = "1,2";
				TEST_HOST = "$(BUILT_PRODUCTS_DIR)/OffSeason3.app/$(BUNDLE_EXECUTABLE_FOLDER_PATH)/OffSeason3";
			};
			name = Release;
		};
		091C62632A24DD1200AA5981 /* Debug */ = {
			isa = XCBuildConfiguration;
			buildSettings = {
				ALWAYS_EMBED_SWIFT_STANDARD_LIBRARIES = YES;
				CODE_SIGN_STYLE = Automatic;
				CURRENT_PROJECT_VERSION = 1;
				DEVELOPMENT_TEAM = Q883HJGNY5;
				GENERATE_INFOPLIST_FILE = YES;
				MARKETING_VERSION = 1.0;
				PRODUCT_BUNDLE_IDENTIFIER = com.theXcodes.OffSeason3UITests;
				PRODUCT_NAME = "$(TARGET_NAME)";
				SWIFT_EMIT_LOC_STRINGS = NO;
				SWIFT_VERSION = 5.0;
				TARGETED_DEVICE_FAMILY = "1,2";
				TEST_TARGET_NAME = OffSeason3;
			};
			name = Debug;
		};
		091C62642A24DD1200AA5981 /* Release */ = {
			isa = XCBuildConfiguration;
			buildSettings = {
				ALWAYS_EMBED_SWIFT_STANDARD_LIBRARIES = YES;
				CODE_SIGN_STYLE = Automatic;
				CURRENT_PROJECT_VERSION = 1;
				DEVELOPMENT_TEAM = Q883HJGNY5;
				GENERATE_INFOPLIST_FILE = YES;
				MARKETING_VERSION = 1.0;
				PRODUCT_BUNDLE_IDENTIFIER = com.theXcodes.OffSeason3UITests;
				PRODUCT_NAME = "$(TARGET_NAME)";
				SWIFT_EMIT_LOC_STRINGS = NO;
				SWIFT_VERSION = 5.0;
				TARGETED_DEVICE_FAMILY = "1,2";
				TEST_TARGET_NAME = OffSeason3;
			};
			name = Release;
		};
/* End XCBuildConfiguration section */

/* Begin XCConfigurationList section */
		091C62332A24DD1100AA5981 /* Build configuration list for PBXProject "OffSeason3" */ = {
			isa = XCConfigurationList;
			buildConfigurations = (
				091C625A2A24DD1200AA5981 /* Debug */,
				091C625B2A24DD1200AA5981 /* Release */,
			);
			defaultConfigurationIsVisible = 0;
			defaultConfigurationName = Release;
		};
		091C625C2A24DD1200AA5981 /* Build configuration list for PBXNativeTarget "OffSeason3" */ = {
			isa = XCConfigurationList;
			buildConfigurations = (
				091C625D2A24DD1200AA5981 /* Debug */,
				091C625E2A24DD1200AA5981 /* Release */,
			);
			defaultConfigurationIsVisible = 0;
			defaultConfigurationName = Release;
		};
		091C625F2A24DD1200AA5981 /* Build configuration list for PBXNativeTarget "OffSeason3Tests" */ = {
			isa = XCConfigurationList;
			buildConfigurations = (
				091C62602A24DD1200AA5981 /* Debug */,
				091C62612A24DD1200AA5981 /* Release */,
			);
			defaultConfigurationIsVisible = 0;
			defaultConfigurationName = Release;
		};
		091C62622A24DD1200AA5981 /* Build configuration list for PBXNativeTarget "OffSeason3UITests" */ = {
			isa = XCConfigurationList;
			buildConfigurations = (
				091C62632A24DD1200AA5981 /* Debug */,
				091C62642A24DD1200AA5981 /* Release */,
			);
			defaultConfigurationIsVisible = 0;
			defaultConfigurationName = Release;
		};
/* End XCConfigurationList section */

/* Begin XCRemoteSwiftPackageReference section */
		091C62672A24DE4B00AA5981 /* XCRemoteSwiftPackageReference "firebase-ios-sdk" */ = {
			isa = XCRemoteSwiftPackageReference;
			repositoryURL = "https://github.com/firebase/firebase-ios-sdk";
			requirement = {
				kind = upToNextMajorVersion;
				minimumVersion = 10.0.0;
			};
		};
/* End XCRemoteSwiftPackageReference section */

/* Begin XCSwiftPackageProductDependency section */
		091C62682A24DE4B00AA5981 /* FirebaseAnalytics */ = {
			isa = XCSwiftPackageProductDependency;
			package = 091C62672A24DE4B00AA5981 /* XCRemoteSwiftPackageReference "firebase-ios-sdk" */;
			productName = FirebaseAnalytics;
		};
		091C626A2A24DE4B00AA5981 /* FirebaseAnalyticsSwift */ = {
			isa = XCSwiftPackageProductDependency;
			package = 091C62672A24DE4B00AA5981 /* XCRemoteSwiftPackageReference "firebase-ios-sdk" */;
			productName = FirebaseAnalyticsSwift;
		};
		091C626C2A24DE4B00AA5981 /* FirebaseAuth */ = {
			isa = XCSwiftPackageProductDependency;
			package = 091C62672A24DE4B00AA5981 /* XCRemoteSwiftPackageReference "firebase-ios-sdk" */;
			productName = FirebaseAuth;
		};
		091C626E2A24DE4B00AA5981 /* FirebaseAuthCombine-Community */ = {
			isa = XCSwiftPackageProductDependency;
			package = 091C62672A24DE4B00AA5981 /* XCRemoteSwiftPackageReference "firebase-ios-sdk" */;
			productName = "FirebaseAuthCombine-Community";
		};
		091C62702A24DE4B00AA5981 /* FirebaseCrashlytics */ = {
			isa = XCSwiftPackageProductDependency;
			package = 091C62672A24DE4B00AA5981 /* XCRemoteSwiftPackageReference "firebase-ios-sdk" */;
			productName = FirebaseCrashlytics;
		};
		091C62722A24DE4B00AA5981 /* FirebaseDatabase */ = {
			isa = XCSwiftPackageProductDependency;
			package = 091C62672A24DE4B00AA5981 /* XCRemoteSwiftPackageReference "firebase-ios-sdk" */;
			productName = FirebaseDatabase;
		};
		091C62742A24DE4B00AA5981 /* FirebaseDatabaseSwift */ = {
			isa = XCSwiftPackageProductDependency;
			package = 091C62672A24DE4B00AA5981 /* XCRemoteSwiftPackageReference "firebase-ios-sdk" */;
			productName = FirebaseDatabaseSwift;
		};
		091C62762A24DE4B00AA5981 /* FirebaseFirestore */ = {
			isa = XCSwiftPackageProductDependency;
			package = 091C62672A24DE4B00AA5981 /* XCRemoteSwiftPackageReference "firebase-ios-sdk" */;
			productName = FirebaseFirestore;
		};
		091C62782A24DE4B00AA5981 /* FirebaseFirestoreSwift */ = {
			isa = XCSwiftPackageProductDependency;
			package = 091C62672A24DE4B00AA5981 /* XCRemoteSwiftPackageReference "firebase-ios-sdk" */;
			productName = FirebaseFirestoreSwift;
		};
		091C627A2A24DE4B00AA5981 /* FirebaseInAppMessaging-Beta */ = {
			isa = XCSwiftPackageProductDependency;
			package = 091C62672A24DE4B00AA5981 /* XCRemoteSwiftPackageReference "firebase-ios-sdk" */;
			productName = "FirebaseInAppMessaging-Beta";
		};
		091C627C2A24DE4B00AA5981 /* FirebaseInAppMessagingSwift-Beta */ = {
			isa = XCSwiftPackageProductDependency;
			package = 091C62672A24DE4B00AA5981 /* XCRemoteSwiftPackageReference "firebase-ios-sdk" */;
			productName = "FirebaseInAppMessagingSwift-Beta";
		};
		091C627E2A24DE4B00AA5981 /* FirebaseMessaging */ = {
			isa = XCSwiftPackageProductDependency;
			package = 091C62672A24DE4B00AA5981 /* XCRemoteSwiftPackageReference "firebase-ios-sdk" */;
			productName = FirebaseMessaging;
		};
		091C62802A24DE4B00AA5981 /* FirebaseStorage */ = {
			isa = XCSwiftPackageProductDependency;
			package = 091C62672A24DE4B00AA5981 /* XCRemoteSwiftPackageReference "firebase-ios-sdk" */;
			productName = FirebaseStorage;
		};
/* End XCSwiftPackageProductDependency section */
	};
	rootObject = 091C62302A24DD1100AA5981 /* Project object */;
}
